Microsoft Visual Studio Solution File, Format Version 12.00
# Visual Studio 15
VisualStudioVersion = 15.0.28307.329
MinimumVisualStudioVersion = 10.0.40219.1
Project("{FAE04EC0-301F-11D3-BF4B-00C04F79EFBC}") = "MRMDataManager", "MRMDataManager\MRMDataManager.csproj", "{1752F94F-6D37-4336-9196-A9698E09E5C7}"
EndProject
Global
	GlobalSection(SolutionConfigurationPlatforms) = preSolution
		Debug|Any CPU = Debug|Any CPU
		Release|Any CPU = Release|Any CPU
	EndGlobalSection
	GlobalSection(ProjectConfigurationPlatforms) = postSolution
		{1752F94F-6D37-4336-9196-A9698E09E5C7}.Debug|Any CPU.ActiveCfg = Debug|Any CPU
		{1752F94F-6D37-4336-9196-A9698E09E5C7}.Debug|Any CPU.Build.0 = Debug|Any CPU
		{1752F94F-6D37-4336-9196-A9698E09E5C7}.Release|Any CPU.ActiveCfg = Release|Any CPU
		{1752F94F-6D37-4336-9196-A9698E09E5C7}.Release|Any CPU.Build.0 = Release|Any CPU
	EndGlobalSection
	GlobalSection(SolutionProperties) = preSolution
		HideSolutionNode = FALSE
	EndGlobalSection
	GlobalSection(ExtensibilityGlobals) = postSolution
		SolutionGuid = {7C688D40-95A7-4037-A691-D33214C014A6}
	EndGlobalSection
EndGlobal
